// !$*UTF8*$!
{
	archiveVersion = 1;
	classes = {
	};
	objectVersion = 50;
	objects = {

/* Begin PBXBuildFile section */
		D9922E33233916A200155557 /* DefaultData.swift in Sources */ = {isa = PBXBuildFile; fileRef = D9922E32233916A200155557 /* DefaultData.swift */; };
		D99A5BBE233D0A69003D664C /* TeachersViewController.swift in Sources */ = {isa = PBXBuildFile; fileRef = D99A5BBD233D0A69003D664C /* TeachersViewController.swift */; };
		D99A5BC0233D157B003D664C /* TeachersViewCell.swift in Sources */ = {isa = PBXBuildFile; fileRef = D99A5BBF233D157B003D664C /* TeachersViewCell.swift */; };
		D99A5BC2233D2E31003D664C /* SubjectsViewController.swift in Sources */ = {isa = PBXBuildFile; fileRef = D99A5BC1233D2E31003D664C /* SubjectsViewController.swift */; };
		D99A5BC4233D2ED4003D664C /* SubjectsViewCell.swift in Sources */ = {isa = PBXBuildFile; fileRef = D99A5BC3233D2ED4003D664C /* SubjectsViewCell.swift */; };
		D9A388F1233BB1C100E2FB7D /* StudentsViewController.swift in Sources */ = {isa = PBXBuildFile; fileRef = D9A388F0233BB1C100E2FB7D /* StudentsViewController.swift */; };
		D9A388F3233BD6B500E2FB7D /* StudentsViewCell.swift in Sources */ = {isa = PBXBuildFile; fileRef = D9A388F2233BD6B500E2FB7D /* StudentsViewCell.swift */; };
		D9F5A5F8233531B000CAA1C9 /* AppDelegate.swift in Sources */ = {isa = PBXBuildFile; fileRef = D9F5A5F7233531B000CAA1C9 /* AppDelegate.swift */; };
		D9F5A5FA233531B000CAA1C9 /* ViewController.swift in Sources */ = {isa = PBXBuildFile; fileRef = D9F5A5F9233531B000CAA1C9 /* ViewController.swift */; };
		D9F5A5FD233531B000CAA1C9 /* Main.storyboard in Resources */ = {isa = PBXBuildFile; fileRef = D9F5A5FB233531B000CAA1C9 /* Main.storyboard */; };
		D9F5A5FF233531B600CAA1C9 /* Assets.xcassets in Resources */ = {isa = PBXBuildFile; fileRef = D9F5A5FE233531B600CAA1C9 /* Assets.xcassets */; };
		D9F5A602233531B600CAA1C9 /* LaunchScreen.storyboard in Resources */ = {isa = PBXBuildFile; fileRef = D9F5A600233531B600CAA1C9 /* LaunchScreen.storyboard */; };
		D9F5A6142335353E00CAA1C9 /* Student.swift in Sources */ = {isa = PBXBuildFile; fileRef = D9F5A6132335353E00CAA1C9 /* Student.swift */; };
		D9F5A6192335475300CAA1C9 /* Teacher.swift in Sources */ = {isa = PBXBuildFile; fileRef = D9F5A6182335475300CAA1C9 /* Teacher.swift */; };
		D9F5A61B2335477400CAA1C9 /* Subject.swift in Sources */ = {isa = PBXBuildFile; fileRef = D9F5A61A2335477400CAA1C9 /* Subject.swift */; };
/* End PBXBuildFile section */

/* Begin PBXFileReference section */
		D9922E32233916A200155557 /* DefaultData.swift */ = {isa = PBXFileReference; lastKnownFileType = sourcecode.swift; path = DefaultData.swift; sourceTree = "<group>"; };
		D99A5BBD233D0A69003D664C /* TeachersViewController.swift */ = {isa = PBXFileReference; lastKnownFileType = sourcecode.swift; path = TeachersViewController.swift; sourceTree = "<group>"; };
		D99A5BBF233D157B003D664C /* TeachersViewCell.swift */ = {isa = PBXFileReference; lastKnownFileType = sourcecode.swift; path = TeachersViewCell.swift; sourceTree = "<group>"; };
		D99A5BC1233D2E31003D664C /* SubjectsViewController.swift */ = {isa = PBXFileReference; lastKnownFileType = sourcecode.swift; path = SubjectsViewController.swift; sourceTree = "<group>"; };
		D99A5BC3233D2ED4003D664C /* SubjectsViewCell.swift */ = {isa = PBXFileReference; lastKnownFileType = sourcecode.swift; path = SubjectsViewCell.swift; sourceTree = "<group>"; };
		D9A388F0233BB1C100E2FB7D /* StudentsViewController.swift */ = {isa = PBXFileReference; lastKnownFileType = sourcecode.swift; path = StudentsViewController.swift; sourceTree = "<group>"; };
		D9A388F2233BD6B500E2FB7D /* StudentsViewCell.swift */ = {isa = PBXFileReference; lastKnownFileType = sourcecode.swift; path = StudentsViewCell.swift; sourceTree = "<group>"; };
		D9E5C9EB233A991F00DC9271 /* Base */ = {isa = PBXFileReference; lastKnownFileType = text.plist.xml; name = Base; path = Base.lproj/Info.plist; sourceTree = "<group>"; };
		D9F5A5F4233531B000CAA1C9 /* getafeios.app */ = {isa = PBXFileReference; explicitFileType = wrapper.application; includeInIndex = 0; path = getafeios.app; sourceTree = BUILT_PRODUCTS_DIR; };
		D9F5A5F7233531B000CAA1C9 /* AppDelegate.swift */ = {isa = PBXFileReference; lastKnownFileType = sourcecode.swift; path = AppDelegate.swift; sourceTree = "<group>"; };
		D9F5A5F9233531B000CAA1C9 /* ViewController.swift */ = {isa = PBXFileReference; lastKnownFileType = sourcecode.swift; path = ViewController.swift; sourceTree = "<group>"; };
		D9F5A5FC233531B000CAA1C9 /* Base */ = {isa = PBXFileReference; lastKnownFileType = file.storyboard; name = Base; path = Base.lproj/Main.storyboard; sourceTree = "<group>"; };
		D9F5A5FE233531B600CAA1C9 /* Assets.xcassets */ = {isa = PBXFileReference; lastKnownFileType = folder.assetcatalog; path = Assets.xcassets; sourceTree = "<group>"; };
		D9F5A601233531B600CAA1C9 /* Base */ = {isa = PBXFileReference; lastKnownFileType = file.storyboard; name = Base; path = Base.lproj/LaunchScreen.storyboard; sourceTree = "<group>"; };
		D9F5A6132335353E00CAA1C9 /* Student.swift */ = {isa = PBXFileReference; lastKnownFileType = sourcecode.swift; path = Student.swift; sourceTree = "<group>"; };
		D9F5A6182335475300CAA1C9 /* Teacher.swift */ = {isa = PBXFileReference; lastKnownFileType = sourcecode.swift; path = Teacher.swift; sourceTree = "<group>"; };
		D9F5A61A2335477400CAA1C9 /* Subject.swift */ = {isa = PBXFileReference; lastKnownFileType = sourcecode.swift; path = Subject.swift; sourceTree = "<group>"; };
/* End PBXFileReference section */

/* Begin PBXFrameworksBuildPhase section */
		D9F5A5F1233531B000CAA1C9 /* Frameworks */ = {
			isa = PBXFrameworksBuildPhase;
			buildActionMask = 2147483647;
			files = (
			);
			runOnlyForDeploymentPostprocessing = 0;
		};
/* End PBXFrameworksBuildPhase section */

/* Begin PBXGroup section */
		D9F5A5EB233531B000CAA1C9 = {
			isa = PBXGroup;
			children = (
				D9F5A5F6233531B000CAA1C9 /* getafeios */,
				D9F5A5F5233531B000CAA1C9 /* Products */,
			);
			sourceTree = "<group>";
		};
		D9F5A5F5233531B000CAA1C9 /* Products */ = {
			isa = PBXGroup;
			children = (
				D9F5A5F4233531B000CAA1C9 /* getafeios.app */,
			);
			name = Products;
			sourceTree = "<group>";
		};
		D9F5A5F6233531B000CAA1C9 /* getafeios */ = {
			isa = PBXGroup;
			children = (
				D9F5A609233531E800CAA1C9 /* App */,
				D9F5A6122335330A00CAA1C9 /* Resources */,
				D9F5A60A233531FA00CAA1C9 /* Data */,
				D9F5A60B2335321200CAA1C9 /* UI */,
			);
			path = getafeios;
			sourceTree = "<group>";
		};
		D9F5A609233531E800CAA1C9 /* App */ = {
			isa = PBXGroup;
			children = (
				D9F5A5F7233531B000CAA1C9 /* AppDelegate.swift */,
				D9E5C9EC233A991F00DC9271 /* Info.plist */,
			);
			path = App;
			sourceTree = "<group>";
		};
		D9F5A60A233531FA00CAA1C9 /* Data */ = {
			isa = PBXGroup;
			children = (
				D9F5A610233532B900CAA1C9 /* Local */,
			);
			path = Data;
			sourceTree = "<group>";
		};
		D9F5A60B2335321200CAA1C9 /* UI */ = {
			isa = PBXGroup;
			children = (
				D9F5A60C2335323A00CAA1C9 /* Views */,
				D9F5A60E2335328000CAA1C9 /* Controllers */,
			);
			path = UI;
			sourceTree = "<group>";
		};
		D9F5A60C2335323A00CAA1C9 /* Views */ = {
			isa = PBXGroup;
			children = (
				D9F5A60D2335324E00CAA1C9 /* Storyboards */,
			);
			path = Views;
			sourceTree = "<group>";
		};
		D9F5A60D2335324E00CAA1C9 /* Storyboards */ = {
			isa = PBXGroup;
			children = (
				D9F5A600233531B600CAA1C9 /* LaunchScreen.storyboard */,
				D9F5A5FB233531B000CAA1C9 /* Main.storyboard */,
			);
			path = Storyboards;
			sourceTree = "<group>";
		};
		D9F5A60E2335328000CAA1C9 /* Controllers */ = {
			isa = PBXGroup;
			children = (
				D9F5A5F9233531B000CAA1C9 /* ViewController.swift */,
				D9A388F0233BB1C100E2FB7D /* StudentsViewController.swift */,
				D9A388F2233BD6B500E2FB7D /* StudentsViewCell.swift */,
				D99A5BBD233D0A69003D664C /* TeachersViewController.swift */,
				D99A5BBF233D157B003D664C /* TeachersViewCell.swift */,
				D99A5BC1233D2E31003D664C /* SubjectsViewController.swift */,
				D99A5BC3233D2ED4003D664C /* SubjectsViewCell.swift */,
			);
			path = Controllers;
			sourceTree = "<group>";
		};
		D9F5A610233532B900CAA1C9 /* Local */ = {
			isa = PBXGroup;
			children = (
				D9922E32233916A200155557 /* DefaultData.swift */,
				D9F5A611233532C600CAA1C9 /* Models */,
			);
			path = Local;
			sourceTree = "<group>";
		};
		D9F5A611233532C600CAA1C9 /* Models */ = {
			isa = PBXGroup;
			children = (
				D9F5A6132335353E00CAA1C9 /* Student.swift */,
				D9F5A6182335475300CAA1C9 /* Teacher.swift */,
				D9F5A61A2335477400CAA1C9 /* Subject.swift */,
			);
			path = Models;
			sourceTree = "<group>";
		};
		D9F5A6122335330A00CAA1C9 /* Resources */ = {
			isa = PBXGroup;
			children = (
				D9F5A5FE233531B600CAA1C9 /* Assets.xcassets */,
			);
			path = Resources;
			sourceTree = "<group>";
		};
/* End PBXGroup section */

/* Begin PBXNativeTarget section */
		D9F5A5F3233531B000CAA1C9 /* getafeios */ = {
			isa = PBXNativeTarget;
			buildConfigurationList = D9F5A606233531B600CAA1C9 /* Build configuration list for PBXNativeTarget "getafeios" */;
			buildPhases = (
				D9F5A5F0233531B000CAA1C9 /* Sources */,
				D9F5A5F1233531B000CAA1C9 /* Frameworks */,
				D9F5A5F2233531B000CAA1C9 /* Resources */,
			);
			buildRules = (
			);
			dependencies = (
			);
			name = getafeios;
			productName = getafeios;
			productReference = D9F5A5F4233531B000CAA1C9 /* getafeios.app */;
			productType = "com.apple.product-type.application";
		};
/* End PBXNativeTarget section */

/* Begin PBXProject section */
		D9F5A5EC233531B000CAA1C9 /* Project object */ = {
			isa = PBXProject;
			attributes = {
				LastSwiftUpdateCheck = 1030;
				LastUpgradeCheck = 1030;
				ORGANIZATIONNAME = Dev;
				TargetAttributes = {
					D9F5A5F3233531B000CAA1C9 = {
						CreatedOnToolsVersion = 10.3;
					};
				};
			};
			buildConfigurationList = D9F5A5EF233531B000CAA1C9 /* Build configuration list for PBXProject "getafeios" */;
			compatibilityVersion = "Xcode 9.3";
			developmentRegion = en;
			hasScannedForEncodings = 0;
			knownRegions = (
				en,
				Base,
			);
			mainGroup = D9F5A5EB233531B000CAA1C9;
			productRefGroup = D9F5A5F5233531B000CAA1C9 /* Products */;
			projectDirPath = "";
			projectRoot = "";
			targets = (
				D9F5A5F3233531B000CAA1C9 /* getafeios */,
			);
		};
/* End PBXProject section */

/* Begin PBXResourcesBuildPhase section */
		D9F5A5F2233531B000CAA1C9 /* Resources */ = {
			isa = PBXResourcesBuildPhase;
			buildActionMask = 2147483647;
			files = (
				D9F5A602233531B600CAA1C9 /* LaunchScreen.storyboard in Resources */,
				D9F5A5FF233531B600CAA1C9 /* Assets.xcassets in Resources */,
				D9F5A5FD233531B000CAA1C9 /* Main.storyboard in Resources */,
			);
			runOnlyForDeploymentPostprocessing = 0;
		};
/* End PBXResourcesBuildPhase section */

/* Begin PBXSourcesBuildPhase section */
		D9F5A5F0233531B000CAA1C9 /* Sources */ = {
			isa = PBXSourcesBuildPhase;
			buildActionMask = 2147483647;
			files = (
				D99A5BC2233D2E31003D664C /* SubjectsViewController.swift in Sources */,
				D9F5A5FA233531B000CAA1C9 /* ViewController.swift in Sources */,
				D9F5A6192335475300CAA1C9 /* Teacher.swift in Sources */,
				D99A5BC4233D2ED4003D664C /* SubjectsViewCell.swift in Sources */,
				D9F5A6142335353E00CAA1C9 /* Student.swift in Sources */,
				D9922E33233916A200155557 /* DefaultData.swift in Sources */,
				D9F5A61B2335477400CAA1C9 /* Subject.swift in Sources */,
				D99A5BC0233D157B003D664C /* TeachersViewCell.swift in Sources */,
				D99A5BBE233D0A69003D664C /* TeachersViewController.swift in Sources */,
				D9A388F1233BB1C100E2FB7D /* StudentsViewController.swift in Sources */,
				D9A388F3233BD6B500E2FB7D /* StudentsViewCell.swift in Sources */,
				D9F5A5F8233531B000CAA1C9 /* AppDelegate.swift in Sources */,
			);
			runOnlyForDeploymentPostprocessing = 0;
		};
/* End PBXSourcesBuildPhase section */

/* Begin PBXVariantGroup section */
		D9E5C9EC233A991F00DC9271 /* Info.plist */ = {
			isa = PBXVariantGroup;
			children = (
				D9E5C9EB233A991F00DC9271 /* Base */,
			);
			name = Info.plist;
			sourceTree = "<group>";
		};
		D9F5A5FB233531B000CAA1C9 /* Main.storyboard */ = {
			isa = PBXVariantGroup;
			children = (
				D9F5A5FC233531B000CAA1C9 /* Base */,
			);
			name = Main.storyboard;
			sourceTree = "<group>";
		};
		D9F5A600233531B600CAA1C9 /* LaunchScreen.storyboard */ = {
			isa = PBXVariantGroup;
			children = (
				D9F5A601233531B600CAA1C9 /* Base */,
			);
			name = LaunchScreen.storyboard;
			sourceTree = "<group>";
		};
/* End PBXVariantGroup section */

/* Begin XCBuildConfiguration section */
		D9F5A604233531B600CAA1C9 /* Debug */ = {
			isa = XCBuildConfiguration;
			buildSettings = {
				ALWAYS_SEARCH_USER_PATHS = NO;
				CLANG_ANALYZER_NONNULL = YES;
				CLANG_ANALYZER_NUMBER_OBJECT_CONVERSION = YES_AGGRESSIVE;
				CLANG_CXX_LANGUAGE_STANDARD = "gnu++14";
				CLANG_CXX_LIBRARY = "libc++";
				CLANG_ENABLE_MODULES = YES;
				CLANG_ENABLE_OBJC_ARC = YES;
				CLANG_ENABLE_OBJC_WEAK = YES;
				CLANG_WARN_BLOCK_CAPTURE_AUTORELEASING = YES;
				CLANG_WARN_BOOL_CONVERSION = YES;
				CLANG_WARN_COMMA = YES;
				CLANG_WARN_CONSTANT_CONVERSION = YES;
				CLANG_WARN_DEPRECATED_OBJC_IMPLEMENTATIONS = YES;
				CLANG_WARN_DIRECT_OBJC_ISA_USAGE = YES_ERROR;
				CLANG_WARN_DOCUMENTATION_COMMENTS = YES;
				CLANG_WARN_EMPTY_BODY = YES;
				CLANG_WARN_ENUM_CONVERSION = YES;
				CLANG_WARN_INFINITE_RECURSION = YES;
				CLANG_WARN_INT_CONVERSION = YES;
				CLANG_WARN_NON_LITERAL_NULL_CONVERSION = YES;
				CLANG_WARN_OBJC_IMPLICIT_RETAIN_SELF = YES;
				CLANG_WARN_OBJC_LITERAL_CONVERSION = YES;
				CLANG_WARN_OBJC_ROOT_CLASS = YES_ERROR;
				CLANG_WARN_RANGE_LOOP_ANALYSIS = YES;
				CLANG_WARN_STRICT_PROTOTYPES = YES;
				CLANG_WARN_SUSPICIOUS_MOVE = YES;
				CLANG_WARN_UNGUARDED_AVAILABILITY = YES_AGGRESSIVE;
				CLANG_WARN_UNREACHABLE_CODE = YES;
				CLANG_WARN__DUPLICATE_METHOD_MATCH = YES;
				CODE_SIGN_IDENTITY = "iPhone Developer";
				COPY_PHASE_STRIP = NO;
				DEBUG_INFORMATION_FORMAT = dwarf;
				ENABLE_STRICT_OBJC_MSGSEND = YES;
				ENABLE_TESTABILITY = YES;
				GCC_C_LANGUAGE_STANDARD = gnu11;
				GCC_DYNAMIC_NO_PIC = NO;
				GCC_NO_COMMON_BLOCKS = YES;
				GCC_OPTIMIZATION_LEVEL = 0;
				GCC_PREPROCESSOR_DEFINITIONS = (
					"DEBUG=1",
					"$(inherited)",
				);
				GCC_WARN_64_TO_32_BIT_CONVERSION = YES;
				GCC_WARN_ABOUT_RETURN_TYPE = YES_ERROR;
				GCC_WARN_UNDECLARED_SELECTOR = YES;
				GCC_WARN_UNINITIALIZED_AUTOS = YES_AGGRESSIVE;
				GCC_WARN_UNUSED_FUNCTION = YES;
				GCC_WARN_UNUSED_VARIABLE = YES;
				IPHONEOS_DEPLOYMENT_TARGET = 12.4;
				MTL_ENABLE_DEBUG_INFO = INCLUDE_SOURCE;
				MTL_FAST_MATH = YES;
				ONLY_ACTIVE_ARCH = YES;
				SDKROOT = iphoneos;
				SWIFT_ACTIVE_COMPILATION_CONDITIONS = DEBUG;
				SWIFT_OPTIMIZATION_LEVEL = "-Onone";
			};
			name = Debug;
		};
		D9F5A605233531B600CAA1C9 /* Release */ = {
			isa = XCBuildConfiguration;
			buildSettings = {
				ALWAYS_SEARCH_USER_PATHS = NO;
				CLANG_ANALYZER_NONNULL = YES;
				CLANG_ANALYZER_NUMBER_OBJECT_CONVERSION = YES_AGGRESSIVE;
				CLANG_CXX_LANGUAGE_STANDARD = "gnu++14";
				CLANG_CXX_LIBRARY = "libc++";
				CLANG_ENABLE_MODULES = YES;
				CLANG_ENABLE_OBJC_ARC = YES;
				CLANG_ENABLE_OBJC_WEAK = YES;
				CLANG_WARN_BLOCK_CAPTURE_AUTORELEASING = YES;
				CLANG_WARN_BOOL_CONVERSION = YES;
				CLANG_WARN_COMMA = YES;
				CLANG_WARN_CONSTANT_CONVERSION = YES;
				CLANG_WARN_DEPRECATED_OBJC_IMPLEMENTATIONS = YES;
				CLANG_WARN_DIRECT_OBJC_ISA_USAGE = YES_ERROR;
				CLANG_WARN_DOCUMENTATION_COMMENTS = YES;
				CLANG_WARN_EMPTY_BODY = YES;
				CLANG_WARN_ENUM_CONVERSION = YES;
				CLANG_WARN_INFINITE_RECURSION = YES;
				CLANG_WARN_INT_CONVERSION = YES;
				CLANG_WARN_NON_LITERAL_NULL_CONVERSION = YES;
				CLANG_WARN_OBJC_IMPLICIT_RETAIN_SELF = YES;
				CLANG_WARN_OBJC_LITERAL_CONVERSION = YES;
				CLANG_WARN_OBJC_ROOT_CLASS = YES_ERROR;
				CLANG_WARN_RANGE_LOOP_ANALYSIS = YES;
				CLANG_WARN_STRICT_PROTOTYPES = YES;
				CLANG_WARN_SUSPICIOUS_MOVE = YES;
				CLANG_WARN_UNGUARDED_AVAILABILITY = YES_AGGRESSIVE;
				CLANG_WARN_UNREACHABLE_CODE = YES;
				CLANG_WARN__DUPLICATE_METHOD_MATCH = YES;
				CODE_SIGN_IDENTITY = "iPhone Developer";
				COPY_PHASE_STRIP = NO;
				DEBUG_INFORMATION_FORMAT = "dwarf-with-dsym";
				ENABLE_NS_ASSERTIONS = NO;
				ENABLE_STRICT_OBJC_MSGSEND = YES;
				GCC_C_LANGUAGE_STANDARD = gnu11;
				GCC_NO_COMMON_BLOCKS = YES;
				GCC_WARN_64_TO_32_BIT_CONVERSION = YES;
				GCC_WARN_ABOUT_RETURN_TYPE = YES_ERROR;
				GCC_WARN_UNDECLARED_SELECTOR = YES;
				GCC_WARN_UNINITIALIZED_AUTOS = YES_AGGRESSIVE;
				GCC_WARN_UNUSED_FUNCTION = YES;
				GCC_WARN_UNUSED_VARIABLE = YES;
				IPHONEOS_DEPLOYMENT_TARGET = 12.4;
				MTL_ENABLE_DEBUG_INFO = NO;
				MTL_FAST_MATH = YES;
				SDKROOT = iphoneos;
				SWIFT_COMPILATION_MODE = wholemodule;
				SWIFT_OPTIMIZATION_LEVEL = "-O";
				VALIDATE_PRODUCT = YES;
			};
			name = Release;
		};
		D9F5A607233531B600CAA1C9 /* Debug */ = {
			isa = XCBuildConfiguration;
			buildSettings = {
				ASSETCATALOG_COMPILER_APPICON_NAME = AppIcon;
				CODE_SIGN_STYLE = Manual;
				DEVELOPMENT_TEAM = "";
				INFOPLIST_FILE = "$(SRCROOT)/getafeios/App/Info.plist";
				LD_RUNPATH_SEARCH_PATHS = (
					"$(inherited)",
					"@executable_path/Frameworks",
				);
				PRODUCT_BUNDLE_IDENTIFIER = com.Dev.getafeios;
				PRODUCT_NAME = "$(TARGET_NAME)";
				PROVISIONING_PROFILE_SPECIFIER = "";
				SWIFT_VERSION = 5.0;
				TARGETED_DEVICE_FAMILY = "1,2";
			};
			name = Debug;
		};
		D9F5A608233531B600CAA1C9 /* Release */ = {
			isa = XCBuildConfiguration;
			buildSettings = {
				ASSETCATALOG_COMPILER_APPICON_NAME = AppIcon;
				CODE_SIGN_STYLE = Manual;
				DEVELOPMENT_TEAM = "";
				INFOPLIST_FILE = "$(SRCROOT)/getafeios/App/Info.plist";
				LD_RUNPATH_SEARCH_PATHS = (
					"$(inherited)",
					"@executable_path/Frameworks",
				);
				PRODUCT_BUNDLE_IDENTIFIER = com.Dev.getafeios;
				PRODUCT_NAME = "$(TARGET_NAME)";
				PROVISIONING_PROFILE_SPECIFIER = "";
				SWIFT_VERSION = 5.0;
				TARGETED_DEVICE_FAMILY = "1,2";
			};
			name = Release;
		};
/* End XCBuildConfiguration section */

/* Begin XCConfigurationList section */
		D9F5A5EF233531B000CAA1C9 /* Build configuration list for PBXProject "getafeios" */ = {
			isa = XCConfigurationList;
			buildConfigurations = (
				D9F5A604233531B600CAA1C9 /* Debug */,
				D9F5A605233531B600CAA1C9 /* Release */,
			);
			defaultConfigurationIsVisible = 0;
			defaultConfigurationName = Release;
		};
		D9F5A606233531B600CAA1C9 /* Build configuration list for PBXNativeTarget "getafeios" */ = {
			isa = XCConfigurationList;
			buildConfigurations = (
				D9F5A607233531B600CAA1C9 /* Debug */,
				D9F5A608233531B600CAA1C9 /* Release */,
			);
			defaultConfigurationIsVisible = 0;
			defaultConfigurationName = Release;
		};
/* End XCConfigurationList section */
	};
	rootObject = D9F5A5EC233531B000CAA1C9 /* Project object */;
}
